
Microsoft Visual Studio Solution File, Format Version 12.00
# Visual Studio Version 17
VisualStudioVersion = 17.0.31903.59
MinimumVisualStudioVersion = 10.0.40219.1
Project("{2150E333-8FDC-42A3-9474-1A3956D46DE8}") = "src", "src", "{00560DEA-B5F8-41D0-B896-6C4D9903CD90}"
EndProject
Project("{FAE04EC0-301F-11D3-BF4B-00C04F79EFBC}") = "AuctionService", "src\AuctionService\AuctionService.csproj", "{86B4152D-3180-40DB-862B-96CCD6387A53}"
EndProject
Global
	GlobalSection(SolutionConfigurationPlatforms) = preSolution
		Debug|Any CPU = Debug|Any CPU
		Release|Any CPU = Release|Any CPU
	EndGlobalSection
	GlobalSection(SolutionProperties) = preSolution
		HideSolutionNode = FALSE
	EndGlobalSection
	GlobalSection(ProjectConfigurationPlatforms) = postSolution
		{86B4152D-3180-40DB-862B-96CCD6387A53}.Debug|Any CPU.ActiveCfg = Debug|Any CPU
		{86B4152D-3180-40DB-862B-96CCD6387A53}.Debug|Any CPU.Build.0 = Debug|Any CPU
		{86B4152D-3180-40DB-862B-96CCD6387A53}.Release|Any CPU.ActiveCfg = Release|Any CPU
		{86B4152D-3180-40DB-862B-96CCD6387A53}.Release|Any CPU.Build.0 = Release|Any CPU
	EndGlobalSection
	GlobalSection(NestedProjects) = preSolution
		{86B4152D-3180-40DB-862B-96CCD6387A53} = {00560DEA-B5F8-41D0-B896-6C4D9903CD90}
	EndGlobalSection
EndGlobal
